
Microsoft Visual Studio Solution File, Format Version 12.00
# Visual Studio Version 17
VisualStudioVersion = 17.8.34309.116
MinimumVisualStudioVersion = 10.0.40219.1
Project("{2150E333-8FDC-42A3-9474-1A3956D46DE8}") = "src", "src", "{7102E72C-0452-48FD-9C2A-C676B40E049A}"
EndProject
Project("{2150E333-8FDC-42A3-9474-1A3956D46DE8}") = "Apartments", "Apartments", "{08093777-2406-4140-886E-99228E50BB37}"
EndProject
Project("{2150E333-8FDC-42A3-9474-1A3956D46DE8}") = "Schools", "Schools", "{F2BB48D8-B117-4D3B-8F0C-6231808C46EF}"
EndProject
Project("{2150E333-8FDC-42A3-9474-1A3956D46DE8}") = "Cars", "Cars", "{C4947C45-D7C1-463B-9DFE-3F61FE558400}"
EndProject
Project("{2150E333-8FDC-42A3-9474-1A3956D46DE8}") = "Tourism", "Tourism", "{32850C78-9935-462F-A38C-668336BDD1C6}"
EndProject
Project("{FAE04EC0-301F-11D3-BF4B-00C04F79EFBC}") = "CarSystem.API", "CarSystem.API\CarSystem.API.csproj", "{C5CE65DC-136D-4617-8CA9-B7F564CA8228}"
EndProject
Project("{FAE04EC0-301F-11D3-BF4B-00C04F79EFBC}") = "CarSystem.DataAccess", "CarSystem.DataAccess\CarSystem.DataAccess.csproj", "{627C4EBF-01D3-4763-991E-DC70DADB85A4}"
EndProject
Project("{FAE04EC0-301F-11D3-BF4B-00C04F79EFBC}") = "CarSystem.Domain", "CarSystem.Domain\CarSystem.Domain.csproj", "{D2DBD1C0-39AE-45F5-B2DC-DAE40AC28C8C}"
EndProject
Project("{FAE04EC0-301F-11D3-BF4B-00C04F79EFBC}") = "CarSystem.Infrastructure", "CarSystem.Infrastructure\CarSystem.Infrastructure.csproj", "{682AEF5E-1077-4CCF-8CE3-B9F12C59C47D}"
EndProject
Project("{FAE04EC0-301F-11D3-BF4B-00C04F79EFBC}") = "Apartment.API", "Apartment.API\Apartment.API.csproj", "{60545684-950A-4208-950F-2610DCB5C1BC}"
EndProject
Project("{FAE04EC0-301F-11D3-BF4B-00C04F79EFBC}") = "Apartment.Domain", "Apartment.Domain\Apartment.Domain.csproj", "{CBF3F127-BAC9-4318-B670-841FA9E1AD54}"
EndProject
Project("{FAE04EC0-301F-11D3-BF4B-00C04F79EFBC}") = "Apartment.Infrastructure", "Apartment.Infrastructure\Apartment.Infrastructure.csproj", "{D0EE84C2-87BE-4913-826F-9229DE77C782}"
EndProject
Project("{FAE04EC0-301F-11D3-BF4B-00C04F79EFBC}") = "Apartment.DataAccess", "Apartment.DataAccess\Apartment.DataAccess.csproj", "{F81DA071-5130-4432-9215-3CF7B52EE9FE}"
EndProject
Project("{FAE04EC0-301F-11D3-BF4B-00C04F79EFBC}") = "School.Domain", "School.Domain\School.Domain.csproj", "{5BADFA49-6BA1-4D4D-A127-C9E71DC809D3}"
EndProject
Project("{FAE04EC0-301F-11D3-BF4B-00C04F79EFBC}") = "School.DataAccess", "School.DataAccess\School.DataAccess.csproj", "{629B6762-6C8B-4069-A18C-3E5A5CB2DF5B}"
EndProject
Project("{FAE04EC0-301F-11D3-BF4B-00C04F79EFBC}") = "School.Infrastructure", "School.Infrastructure\School.Infrastructure.csproj", "{04F347A7-58BC-4CF7-8106-94FE67D7B944}"
EndProject
Project("{FAE04EC0-301F-11D3-BF4B-00C04F79EFBC}") = "Tourism.Domain", "Tourism.Domain\Tourism.Domain.csproj", "{D57AC1A1-3A0E-49A7-87D3-86113A866CE8}"
EndProject
Project("{FAE04EC0-301F-11D3-BF4B-00C04F79EFBC}") = "Tourism.DataAccess", "Tourism.DataAccess\Tourism.DataAccess.csproj", "{C269557E-67DA-4C68-9082-9603F83F73E3}"
EndProject
Project("{FAE04EC0-301F-11D3-BF4B-00C04F79EFBC}") = "Tourism.Infrastructure", "Tourism.Infrastructure\Tourism.Infrastructure.csproj", "{ADDB5E1C-343A-48E7-847C-5A25EC33C1AE}"
EndProject
Project("{FAE04EC0-301F-11D3-BF4B-00C04F79EFBC}") = "Tourism.API", "Tourism.API\Tourism.API.csproj", "{ECAB2178-E287-4697-9DA4-E42A434C627F}"
EndProject
Project("{FAE04EC0-301F-11D3-BF4B-00C04F79EFBC}") = "School.API", "School.API\School.API.csproj", "{540F93B1-28CE-44E8-9B84-274BAFD3D7C5}"
EndProject
Global
	GlobalSection(SolutionConfigurationPlatforms) = preSolution
		Debug|Any CPU = Debug|Any CPU
		Release|Any CPU = Release|Any CPU
	EndGlobalSection
	GlobalSection(ProjectConfigurationPlatforms) = postSolution
		{C5CE65DC-136D-4617-8CA9-B7F564CA8228}.Debug|Any CPU.ActiveCfg = Debug|Any CPU
		{C5CE65DC-136D-4617-8CA9-B7F564CA8228}.Debug|Any CPU.Build.0 = Debug|Any CPU
		{C5CE65DC-136D-4617-8CA9-B7F564CA8228}.Release|Any CPU.ActiveCfg = Release|Any CPU
		{C5CE65DC-136D-4617-8CA9-B7F564CA8228}.Release|Any CPU.Build.0 = Release|Any CPU
		{627C4EBF-01D3-4763-991E-DC70DADB85A4}.Debug|Any CPU.ActiveCfg = Debug|Any CPU
		{627C4EBF-01D3-4763-991E-DC70DADB85A4}.Debug|Any CPU.Build.0 = Debug|Any CPU
		{627C4EBF-01D3-4763-991E-DC70DADB85A4}.Release|Any CPU.ActiveCfg = Release|Any CPU
		{627C4EBF-01D3-4763-991E-DC70DADB85A4}.Release|Any CPU.Build.0 = Release|Any CPU
		{D2DBD1C0-39AE-45F5-B2DC-DAE40AC28C8C}.Debug|Any CPU.ActiveCfg = Debug|Any CPU
		{D2DBD1C0-39AE-45F5-B2DC-DAE40AC28C8C}.Debug|Any CPU.Build.0 = Debug|Any CPU
		{D2DBD1C0-39AE-45F5-B2DC-DAE40AC28C8C}.Release|Any CPU.ActiveCfg = Release|Any CPU
		{D2DBD1C0-39AE-45F5-B2DC-DAE40AC28C8C}.Release|Any CPU.Build.0 = Release|Any CPU
		{682AEF5E-1077-4CCF-8CE3-B9F12C59C47D}.Debug|Any CPU.ActiveCfg = Debug|Any CPU
		{682AEF5E-1077-4CCF-8CE3-B9F12C59C47D}.Debug|Any CPU.Build.0 = Debug|Any CPU
		{682AEF5E-1077-4CCF-8CE3-B9F12C59C47D}.Release|Any CPU.ActiveCfg = Release|Any CPU
		{682AEF5E-1077-4CCF-8CE3-B9F12C59C47D}.Release|Any CPU.Build.0 = Release|Any CPU
		{60545684-950A-4208-950F-2610DCB5C1BC}.Debug|Any CPU.ActiveCfg = Debug|Any CPU
		{60545684-950A-4208-950F-2610DCB5C1BC}.Debug|Any CPU.Build.0 = Debug|Any CPU
		{60545684-950A-4208-950F-2610DCB5C1BC}.Release|Any CPU.ActiveCfg = Release|Any CPU
		{60545684-950A-4208-950F-2610DCB5C1BC}.Release|Any CPU.Build.0 = Release|Any CPU
		{CBF3F127-BAC9-4318-B670-841FA9E1AD54}.Debug|Any CPU.ActiveCfg = Debug|Any CPU
		{CBF3F127-BAC9-4318-B670-841FA9E1AD54}.Debug|Any CPU.Build.0 = Debug|Any CPU
		{CBF3F127-BAC9-4318-B670-841FA9E1AD54}.Release|Any CPU.ActiveCfg = Release|Any CPU
		{CBF3F127-BAC9-4318-B670-841FA9E1AD54}.Release|Any CPU.Build.0 = Release|Any CPU
		{D0EE84C2-87BE-4913-826F-9229DE77C782}.Debug|Any CPU.ActiveCfg = Debug|Any CPU
		{D0EE84C2-87BE-4913-826F-9229DE77C782}.Debug|Any CPU.Build.0 = Debug|Any CPU
		{D0EE84C2-87BE-4913-826F-9229DE77C782}.Release|Any CPU.ActiveCfg = Release|Any CPU
		{D0EE84C2-87BE-4913-826F-9229DE77C782}.Release|Any CPU.Build.0 = Release|Any CPU
		{F81DA071-5130-4432-9215-3CF7B52EE9FE}.Debug|Any CPU.ActiveCfg = Debug|Any CPU
		{F81DA071-5130-4432-9215-3CF7B52EE9FE}.Debug|Any CPU.Build.0 = Debug|Any CPU
		{F81DA071-5130-4432-9215-3CF7B52EE9FE}.Release|Any CPU.ActiveCfg = Release|Any CPU
		{F81DA071-5130-4432-9215-3CF7B52EE9FE}.Release|Any CPU.Build.0 = Release|Any CPU
		{5BADFA49-6BA1-4D4D-A127-C9E71DC809D3}.Debug|Any CPU.ActiveCfg = Debug|Any CPU
		{5BADFA49-6BA1-4D4D-A127-C9E71DC809D3}.Debug|Any CPU.Build.0 = Debug|Any CPU
		{5BADFA49-6BA1-4D4D-A127-C9E71DC809D3}.Release|Any CPU.ActiveCfg = Release|Any CPU
		{5BADFA49-6BA1-4D4D-A127-C9E71DC809D3}.Release|Any CPU.Build.0 = Release|Any CPU
		{629B6762-6C8B-4069-A18C-3E5A5CB2DF5B}.Debug|Any CPU.ActiveCfg = Debug|Any CPU
		{629B6762-6C8B-4069-A18C-3E5A5CB2DF5B}.Debug|Any CPU.Build.0 = Debug|Any CPU
		{629B6762-6C8B-4069-A18C-3E5A5CB2DF5B}.Release|Any CPU.ActiveCfg = Release|Any CPU
		{629B6762-6C8B-4069-A18C-3E5A5CB2DF5B}.Release|Any CPU.Build.0 = Release|Any CPU
		{04F347A7-58BC-4CF7-8106-94FE67D7B944}.Debug|Any CPU.ActiveCfg = Debug|Any CPU
		{04F347A7-58BC-4CF7-8106-94FE67D7B944}.Debug|Any CPU.Build.0 = Debug|Any CPU
		{04F347A7-58BC-4CF7-8106-94FE67D7B944}.Release|Any CPU.ActiveCfg = Release|Any CPU
		{04F347A7-58BC-4CF7-8106-94FE67D7B944}.Release|Any CPU.Build.0 = Release|Any CPU
		{D57AC1A1-3A0E-49A7-87D3-86113A866CE8}.Debug|Any CPU.ActiveCfg = Debug|Any CPU
		{D57AC1A1-3A0E-49A7-87D3-86113A866CE8}.Debug|Any CPU.Build.0 = Debug|Any CPU
		{D57AC1A1-3A0E-49A7-87D3-86113A866CE8}.Release|Any CPU.ActiveCfg = Release|Any CPU
		{D57AC1A1-3A0E-49A7-87D3-86113A866CE8}.Release|Any CPU.Build.0 = Release|Any CPU
		{C269557E-67DA-4C68-9082-9603F83F73E3}.Debug|Any CPU.ActiveCfg = Debug|Any CPU
		{C269557E-67DA-4C68-9082-9603F83F73E3}.Debug|Any CPU.Build.0 = Debug|Any CPU
		{C269557E-67DA-4C68-9082-9603F83F73E3}.Release|Any CPU.ActiveCfg = Release|Any CPU
		{C269557E-67DA-4C68-9082-9603F83F73E3}.Release|Any CPU.Build.0 = Release|Any CPU
		{ADDB5E1C-343A-48E7-847C-5A25EC33C1AE}.Debug|Any CPU.ActiveCfg = Debug|Any CPU
		{ADDB5E1C-343A-48E7-847C-5A25EC33C1AE}.Debug|Any CPU.Build.0 = Debug|Any CPU
		{ADDB5E1C-343A-48E7-847C-5A25EC33C1AE}.Release|Any CPU.ActiveCfg = Release|Any CPU
		{ADDB5E1C-343A-48E7-847C-5A25EC33C1AE}.Release|Any CPU.Build.0 = Release|Any CPU
		{ECAB2178-E287-4697-9DA4-E42A434C627F}.Debug|Any CPU.ActiveCfg = Debug|Any CPU
		{ECAB2178-E287-4697-9DA4-E42A434C627F}.Debug|Any CPU.Build.0 = Debug|Any CPU
		{ECAB2178-E287-4697-9DA4-E42A434C627F}.Release|Any CPU.ActiveCfg = Release|Any CPU
		{ECAB2178-E287-4697-9DA4-E42A434C627F}.Release|Any CPU.Build.0 = Release|Any CPU
		{540F93B1-28CE-44E8-9B84-274BAFD3D7C5}.Debug|Any CPU.ActiveCfg = Debug|Any CPU
		{540F93B1-28CE-44E8-9B84-274BAFD3D7C5}.Debug|Any CPU.Build.0 = Debug|Any CPU
		{540F93B1-28CE-44E8-9B84-274BAFD3D7C5}.Release|Any CPU.ActiveCfg = Release|Any CPU
		{540F93B1-28CE-44E8-9B84-274BAFD3D7C5}.Release|Any CPU.Build.0 = Release|Any CPU
	EndGlobalSection
	GlobalSection(SolutionProperties) = preSolution
		HideSolutionNode = FALSE
	EndGlobalSection
	GlobalSection(NestedProjects) = preSolution
		{08093777-2406-4140-886E-99228E50BB37} = {7102E72C-0452-48FD-9C2A-C676B40E049A}
		{F2BB48D8-B117-4D3B-8F0C-6231808C46EF} = {7102E72C-0452-48FD-9C2A-C676B40E049A}
		{C4947C45-D7C1-463B-9DFE-3F61FE558400} = {7102E72C-0452-48FD-9C2A-C676B40E049A}
		{32850C78-9935-462F-A38C-668336BDD1C6} = {7102E72C-0452-48FD-9C2A-C676B40E049A}
		{C5CE65DC-136D-4617-8CA9-B7F564CA8228} = {C4947C45-D7C1-463B-9DFE-3F61FE558400}
		{627C4EBF-01D3-4763-991E-DC70DADB85A4} = {C4947C45-D7C1-463B-9DFE-3F61FE558400}
		{D2DBD1C0-39AE-45F5-B2DC-DAE40AC28C8C} = {C4947C45-D7C1-463B-9DFE-3F61FE558400}
		{682AEF5E-1077-4CCF-8CE3-B9F12C59C47D} = {C4947C45-D7C1-463B-9DFE-3F61FE558400}
		{60545684-950A-4208-950F-2610DCB5C1BC} = {08093777-2406-4140-886E-99228E50BB37}
		{CBF3F127-BAC9-4318-B670-841FA9E1AD54} = {08093777-2406-4140-886E-99228E50BB37}
		{D0EE84C2-87BE-4913-826F-9229DE77C782} = {08093777-2406-4140-886E-99228E50BB37}
		{F81DA071-5130-4432-9215-3CF7B52EE9FE} = {08093777-2406-4140-886E-99228E50BB37}
		{5BADFA49-6BA1-4D4D-A127-C9E71DC809D3} = {F2BB48D8-B117-4D3B-8F0C-6231808C46EF}
		{629B6762-6C8B-4069-A18C-3E5A5CB2DF5B} = {F2BB48D8-B117-4D3B-8F0C-6231808C46EF}
		{04F347A7-58BC-4CF7-8106-94FE67D7B944} = {F2BB48D8-B117-4D3B-8F0C-6231808C46EF}
		{D57AC1A1-3A0E-49A7-87D3-86113A866CE8} = {32850C78-9935-462F-A38C-668336BDD1C6}
		{C269557E-67DA-4C68-9082-9603F83F73E3} = {32850C78-9935-462F-A38C-668336BDD1C6}
		{ADDB5E1C-343A-48E7-847C-5A25EC33C1AE} = {32850C78-9935-462F-A38C-668336BDD1C6}
		{ECAB2178-E287-4697-9DA4-E42A434C627F} = {32850C78-9935-462F-A38C-668336BDD1C6}
		{540F93B1-28CE-44E8-9B84-274BAFD3D7C5} = {F2BB48D8-B117-4D3B-8F0C-6231808C46EF}
	EndGlobalSection
	GlobalSection(ExtensibilityGlobals) = postSolution
		SolutionGuid = {76BAD271-74D5-4B17-8B97-1154C57545C1}
	EndGlobalSection
EndGlobal
